<Solution>
  <Project Path="ApiGateway/ApiGateway.csproj" />
  <Project Path="AuthService/AuthService.csproj" />
  <Project Path="BookingService/BookingService.csproj" />
  <Project Path="CustomerService/CustomerService.csproj" />
  <Project Path="NotificationService/NotificationService.csproj" />
  <Project Path="WasherService/WasherService.csproj" />
</Solution>
